{
  "nodes": {
    "files": {
      "locked": {
        "dirtyRev": "79ac025ff33e840a8518942e3ab61cfa65809837-dirty",
        "dirtyShortRev": "79ac025-dirty",
        "lastModified": 1779407866,
        "narHash": "sha256-frHRnX3q4OGh4UOeKl0tpHYGNNeeIVMh+uU45DyGEBU=",
        "type": "git",
        "url": "file:///home/sini/Documents/repos/files"
      },
      "original": {
        "owner": "sini",
        "repo": "files",
        "type": "github"
      }
    },
    "flake-parts": {
      "inputs": {
        "nixpkgs-lib": [
          "nixpkgs"
        ]
      },
      "locked": {
        "lastModified": 1778716662,
        "narHash": "sha256-m1Yf0wZ8j1OHjTc2UwHwyQRSnNeSgLJOd7q5Y45hzi4=",
        "owner": "hercules-ci",
        "repo": "flake-parts",
        "rev": "f7c1a2d347e4c52d5fb8d10cb4d94b5884e546fb",
        "type": "github"
      },
      "original": {
        "owner": "hercules-ci",
        "repo": "flake-parts",
        "type": "github"
      }
    },
    "git-hooks": {
      "flake": false,
      "locked": {
        "lastModified": 1778507602,
        "narHash": "sha256-kTwur1wV+01SdqskVMSo6JMEpg71ps3HpbFY2GsflKs=",
        "owner": "cachix",
        "repo": "git-hooks.nix",
        "rev": "61ab0e80d9c7ab14c256b5b453d8b3fb0189ba0a",
        "type": "github"
      },
      "original": {
        "owner": "cachix",
        "repo": "git-hooks.nix",
        "type": "github"
      }
    },
    "import-tree": {
      "flake": false,
      "locked": {
        "lastModified": 1778781969,
        "narHash": "sha256-Jjuz5CmSkur8KvLDoGa+vylEp+RkQtv4mt/qcMznpH0=",
        "owner": "vic",
        "repo": "import-tree",
        "rev": "d321337efd0f23a9eb14a42adb7b2c29313ab274",
        "type": "github"
      },
      "original": {
        "owner": "vic",
        "repo": "import-tree",
        "type": "github"
      }
    },
    "make-shell": {
      "flake": false,
      "locked": {
        "lastModified": 1733933815,
        "narHash": "sha256-9JjM7eT66W4NJAXpGUsdyAFXhBxFWR2Z9LZwUa7Hli0=",
        "owner": "nicknovitski",
        "repo": "make-shell",
        "rev": "ffeceae9956df03571ea8e96ef77c2924f13a63c",
        "type": "github"
      },
      "original": {
        "owner": "nicknovitski",
        "repo": "make-shell",
        "type": "github"
      }
    },
    "nixpkgs": {
      "locked": {
        "lastModified": 1779414690,
        "narHash": "sha256-gOTcX/9MZVMUE0Xvb4IEcv+0TQJkZFNEnL757ljU360=",
        "owner": "NixOS",
        "repo": "nixpkgs",
        "rev": "6dedf69f94d03cbe7bdde106f2d4c23ae2a853bf",
        "type": "github"
      },
      "original": {
        "owner": "NixOS",
        "ref": "nixpkgs-unstable",
        "repo": "nixpkgs",
        "type": "github"
      }
    },
    "root": {
      "inputs": {
        "files": "files",
        "flake-parts": "flake-parts",
        "git-hooks": "git-hooks",
        "import-tree": "import-tree",
        "make-shell": "make-shell",
        "nixpkgs": "nixpkgs",
        "systems": "systems",
        "treefmt-nix": "treefmt-nix",
        "with-inputs": "with-inputs"
      }
    },
    "systems": {
      "locked": {
        "lastModified": 1681028828,
        "narHash": "sha256-Vy1rq5AaRuLzOxct8nz4T6wlgyUR7zLU309k9mBC768=",
        "owner": "nix-systems",
        "repo": "default",
        "rev": "da67096a3b9bf56a91d16901293e51ba5b49a27e",
        "type": "github"
      },
      "original": {
        "owner": "nix-systems",
        "repo": "default",
        "type": "github"
      }
    },
    "treefmt-nix": {
      "flake": false,
      "locked": {
        "lastModified": 1775636079,
        "narHash": "sha256-pc20NRoMdiar8oPQceQT47UUZMBTiMdUuWrYu2obUP0=",
        "owner": "numtide",
        "repo": "treefmt-nix",
        "rev": "790751ff7fd3801feeaf96d7dc416a8d581265ba",
        "type": "github"
      },
      "original": {
        "owner": "numtide",
        "repo": "treefmt-nix",
        "type": "github"
      }
    },
    "with-inputs": {
      "flake": false,
      "locked": {
        "lastModified": 1777938927,
        "narHash": "sha256-efneEYyUSQ7HOg/peGvfotb/P1N1+WWp10P1kMQSpe8=",
        "owner": "denful",
        "repo": "with-inputs",
        "rev": "e8729bdb4afb57fc72c2a7084a77a7ee09c7e38f",
        "type": "github"
      },
      "original": {
        "owner": "denful",
        "repo": "with-inputs",
        "type": "github"
      }
    }
  },
  "root": "root",
  "version": 7
}
